{
  "name": "br.com.smart.beer.app",
  "version": "1.0.0",
  "lockfileVersion": 2,
  "requires": true,
  "packages": {
    "": {
      "name": "br.com.smart.beer.app",
      "version": "1.0.0",
      "license": "Apache-2.0",
      "devDependencies": {
        "cordova-plugin-bluetooth-serial": "^0.4.7"
      }
    },
    "node_modules/cordova-plugin-bluetooth-serial": {
      "version": "0.4.7",
      "resolved": "https://registry.npmjs.org/cordova-plugin-bluetooth-serial/-/cordova-plugin-bluetooth-serial-0.4.7.tgz",
      "integrity": "sha1-HkYG7G1Ct8I/YKdKh8fEpOw4KMA=",
      "dev": true
    }
  },
  "dependencies": {
    "cordova-plugin-bluetooth-serial": {
      "version": "0.4.7",
      "resolved": "https://registry.npmjs.org/cordova-plugin-bluetooth-serial/-/cordova-plugin-bluetooth-serial-0.4.7.tgz",
      "integrity": "sha1-HkYG7G1Ct8I/YKdKh8fEpOw4KMA=",
      "dev": true
    }
  }
}
